
Microsoft Visual Studio Solution File, Format Version 12.00
# Visual Studio Version 17
VisualStudioVersion = 17.13.35806.99 d17.13
MinimumVisualStudioVersion = 10.0.40219.1
Project("{FAE04EC0-301F-11D3-BF4B-00C04F79EFBC}") = "Taller_club_ligapro", "Taller_club_ligapro\Taller_club_ligapro.csproj", "{16438910-56D4-40F6-99B1-F4A8087DB709}"
EndProject
Global
	GlobalSection(SolutionConfigurationPlatforms) = preSolution
		Debug|Any CPU = Debug|Any CPU
		Release|Any CPU = Release|Any CPU
	EndGlobalSection
	GlobalSection(ProjectConfigurationPlatforms) = postSolution
		{16438910-56D4-40F6-99B1-F4A8087DB709}.Debug|Any CPU.ActiveCfg = Debug|Any CPU
		{16438910-56D4-40F6-99B1-F4A8087DB709}.Debug|Any CPU.Build.0 = Debug|Any CPU
		{16438910-56D4-40F6-99B1-F4A8087DB709}.Release|Any CPU.ActiveCfg = Release|Any CPU
		{16438910-56D4-40F6-99B1-F4A8087DB709}.Release|Any CPU.Build.0 = Release|Any CPU
	EndGlobalSection
	GlobalSection(SolutionProperties) = preSolution
		HideSolutionNode = FALSE
	EndGlobalSection
	GlobalSection(ExtensibilityGlobals) = postSolution
		SolutionGuid = {47E03DE8-24FE-4625-8F78-2624101DA824}
	EndGlobalSection
EndGlobal
